// !$*UTF8*$!
{
	archiveVersion = 1;
	classes = {
	};
	objectVersion = 56;
	objects = {

/* Begin PBXBuildFile section */
		043B40562C6A7D2700BBCFCE /* DessertIslandApp.swift in Sources */ = {isa = PBXBuildFile; fileRef = 043B40552C6A7D2700BBCFCE /* DessertIslandApp.swift */; };
		043B40582C6A7D2700BBCFCE /* ContentView.swift in Sources */ = {isa = PBXBuildFile; fileRef = 043B40572C6A7D2700BBCFCE /* ContentView.swift */; };
		043B405A2C6A7D2800BBCFCE /* Assets.xcassets in Resources */ = {isa = PBXBuildFile; fileRef = 043B40592C6A7D2800BBCFCE /* Assets.xcassets */; };
		043B405D2C6A7D2800BBCFCE /* Preview Assets.xcassets in Resources */ = {isa = PBXBuildFile; fileRef = 043B405C2C6A7D2800BBCFCE /* Preview Assets.xcassets */; };
		043B40672C6A7D2800BBCFCE /* DessertIslandTests.swift in Sources */ = {isa = PBXBuildFile; fileRef = 043B40662C6A7D2800BBCFCE /* DessertIslandTests.swift */; };
		043B40712C6A7D2900BBCFCE /* DessertIslandUITests.swift in Sources */ = {isa = PBXBuildFile; fileRef = 043B40702C6A7D2900BBCFCE /* DessertIslandUITests.swift */; };
		043B40732C6A7D2900BBCFCE /* DessertIslandUITestsLaunchTests.swift in Sources */ = {isa = PBXBuildFile; fileRef = 043B40722C6A7D2900BBCFCE /* DessertIslandUITestsLaunchTests.swift */; };
		043B40802C6A7D9800BBCFCE /* NetworkCalls.swift in Sources */ = {isa = PBXBuildFile; fileRef = 043B407F2C6A7D9800BBCFCE /* NetworkCalls.swift */; };
		0493197A2C718546003DFD72 /* NetworkRequest.swift in Sources */ = {isa = PBXBuildFile; fileRef = 049319792C718546003DFD72 /* NetworkRequest.swift */; };
		0493197C2C718573003DFD72 /* NetworkObjects.swift in Sources */ = {isa = PBXBuildFile; fileRef = 0493197B2C718573003DFD72 /* NetworkObjects.swift */; };
		0493197E2C718640003DFD72 /* RowView.swift in Sources */ = {isa = PBXBuildFile; fileRef = 0493197D2C718640003DFD72 /* RowView.swift */; };
		049319802C718668003DFD72 /* MealDetailView.swift in Sources */ = {isa = PBXBuildFile; fileRef = 0493197F2C718668003DFD72 /* MealDetailView.swift */; };
		049319822C722D94003DFD72 /* ViewModels.swift in Sources */ = {isa = PBXBuildFile; fileRef = 049319812C722D94003DFD72 /* ViewModels.swift */; };
/* End PBXBuildFile section */

/* Begin PBXContainerItemProxy section */
		043B40632C6A7D2800BBCFCE /* PBXContainerItemProxy */ = {
			isa = PBXContainerItemProxy;
			containerPortal = 043B404A2C6A7D2700BBCFCE /* Project object */;
			proxyType = 1;
			remoteGlobalIDString = 043B40512C6A7D2700BBCFCE;
			remoteInfo = DessertIsland;
		};
		043B406D2C6A7D2900BBCFCE /* PBXContainerItemProxy */ = {
			isa = PBXContainerItemProxy;
			containerPortal = 043B404A2C6A7D2700BBCFCE /* Project object */;
			proxyType = 1;
			remoteGlobalIDString = 043B40512C6A7D2700BBCFCE;
			remoteInfo = DessertIsland;
		};
/* End PBXContainerItemProxy section */

/* Begin PBXFileReference section */
		043B40522C6A7D2700BBCFCE /* DessertIsland.app */ = {isa = PBXFileReference; explicitFileType = wrapper.application; includeInIndex = 0; path = DessertIsland.app; sourceTree = BUILT_PRODUCTS_DIR; };
		043B40552C6A7D2700BBCFCE /* DessertIslandApp.swift */ = {isa = PBXFileReference; lastKnownFileType = sourcecode.swift; path = DessertIslandApp.swift; sourceTree = "<group>"; };
		043B40572C6A7D2700BBCFCE /* ContentView.swift */ = {isa = PBXFileReference; lastKnownFileType = sourcecode.swift; path = ContentView.swift; sourceTree = "<group>"; };
		043B40592C6A7D2800BBCFCE /* Assets.xcassets */ = {isa = PBXFileReference; lastKnownFileType = folder.assetcatalog; path = Assets.xcassets; sourceTree = "<group>"; };
		043B405C2C6A7D2800BBCFCE /* Preview Assets.xcassets */ = {isa = PBXFileReference; lastKnownFileType = folder.assetcatalog; path = "Preview Assets.xcassets"; sourceTree = "<group>"; };
		043B40622C6A7D2800BBCFCE /* DessertIslandTests.xctest */ = {isa = PBXFileReference; explicitFileType = wrapper.cfbundle; includeInIndex = 0; path = DessertIslandTests.xctest; sourceTree = BUILT_PRODUCTS_DIR; };
		043B40662C6A7D2800BBCFCE /* DessertIslandTests.swift */ = {isa = PBXFileReference; lastKnownFileType = sourcecode.swift; path = DessertIslandTests.swift; sourceTree = "<group>"; };
		043B406C2C6A7D2900BBCFCE /* DessertIslandUITests.xctest */ = {isa = PBXFileReference; explicitFileType = wrapper.cfbundle; includeInIndex = 0; path = DessertIslandUITests.xctest; sourceTree = BUILT_PRODUCTS_DIR; };
		043B40702C6A7D2900BBCFCE /* DessertIslandUITests.swift */ = {isa = PBXFileReference; lastKnownFileType = sourcecode.swift; path = DessertIslandUITests.swift; sourceTree = "<group>"; };
		043B40722C6A7D2900BBCFCE /* DessertIslandUITestsLaunchTests.swift */ = {isa = PBXFileReference; lastKnownFileType = sourcecode.swift; path = DessertIslandUITestsLaunchTests.swift; sourceTree = "<group>"; };
		043B407F2C6A7D9800BBCFCE /* NetworkCalls.swift */ = {isa = PBXFileReference; lastKnownFileType = sourcecode.swift; path = NetworkCalls.swift; sourceTree = "<group>"; };
		049319792C718546003DFD72 /* NetworkRequest.swift */ = {isa = PBXFileReference; lastKnownFileType = sourcecode.swift; path = NetworkRequest.swift; sourceTree = "<group>"; };
		0493197B2C718573003DFD72 /* NetworkObjects.swift */ = {isa = PBXFileReference; lastKnownFileType = sourcecode.swift; path = NetworkObjects.swift; sourceTree = "<group>"; };
		0493197D2C718640003DFD72 /* RowView.swift */ = {isa = PBXFileReference; lastKnownFileType = sourcecode.swift; path = RowView.swift; sourceTree = "<group>"; };
		0493197F2C718668003DFD72 /* MealDetailView.swift */ = {isa = PBXFileReference; lastKnownFileType = sourcecode.swift; path = MealDetailView.swift; sourceTree = "<group>"; };
		049319812C722D94003DFD72 /* ViewModels.swift */ = {isa = PBXFileReference; lastKnownFileType = sourcecode.swift; path = ViewModels.swift; sourceTree = "<group>"; };
/* End PBXFileReference section */

/* Begin PBXFrameworksBuildPhase section */
		043B404F2C6A7D2700BBCFCE /* Frameworks */ = {
			isa = PBXFrameworksBuildPhase;
			buildActionMask = 2147483647;
			files = (
			);
			runOnlyForDeploymentPostprocessing = 0;
		};
		043B405F2C6A7D2800BBCFCE /* Frameworks */ = {
			isa = PBXFrameworksBuildPhase;
			buildActionMask = 2147483647;
			files = (
			);
			runOnlyForDeploymentPostprocessing = 0;
		};
		043B40692C6A7D2900BBCFCE /* Frameworks */ = {
			isa = PBXFrameworksBuildPhase;
			buildActionMask = 2147483647;
			files = (
			);
			runOnlyForDeploymentPostprocessing = 0;
		};
/* End PBXFrameworksBuildPhase section */

/* Begin PBXGroup section */
		043B40492C6A7D2700BBCFCE = {
			isa = PBXGroup;
			children = (
				043B40542C6A7D2700BBCFCE /* DessertIsland */,
				043B40652C6A7D2800BBCFCE /* DessertIslandTests */,
				043B406F2C6A7D2900BBCFCE /* DessertIslandUITests */,
				043B40532C6A7D2700BBCFCE /* Products */,
			);
			sourceTree = "<group>";
		};
		043B40532C6A7D2700BBCFCE /* Products */ = {
			isa = PBXGroup;
			children = (
				043B40522C6A7D2700BBCFCE /* DessertIsland.app */,
				043B40622C6A7D2800BBCFCE /* DessertIslandTests.xctest */,
				043B406C2C6A7D2900BBCFCE /* DessertIslandUITests.xctest */,
			);
			name = Products;
			sourceTree = "<group>";
		};
		043B40542C6A7D2700BBCFCE /* DessertIsland */ = {
			isa = PBXGroup;
			children = (
				043B40552C6A7D2700BBCFCE /* DessertIslandApp.swift */,
				043B40572C6A7D2700BBCFCE /* ContentView.swift */,
				0493197D2C718640003DFD72 /* RowView.swift */,
				0493197F2C718668003DFD72 /* MealDetailView.swift */,
				043B40592C6A7D2800BBCFCE /* Assets.xcassets */,
				043B405B2C6A7D2800BBCFCE /* Preview Content */,
				043B407F2C6A7D9800BBCFCE /* NetworkCalls.swift */,
				049319792C718546003DFD72 /* NetworkRequest.swift */,
				0493197B2C718573003DFD72 /* NetworkObjects.swift */,
				049319812C722D94003DFD72 /* ViewModels.swift */,
			);
			path = DessertIsland;
			sourceTree = "<group>";
		};
		043B405B2C6A7D2800BBCFCE /* Preview Content */ = {
			isa = PBXGroup;
			children = (
				043B405C2C6A7D2800BBCFCE /* Preview Assets.xcassets */,
			);
			path = "Preview Content";
			sourceTree = "<group>";
		};
		043B40652C6A7D2800BBCFCE /* DessertIslandTests */ = {
			isa = PBXGroup;
			children = (
				043B40662C6A7D2800BBCFCE /* DessertIslandTests.swift */,
			);
			path = DessertIslandTests;
			sourceTree = "<group>";
		};
		043B406F2C6A7D2900BBCFCE /* DessertIslandUITests */ = {
			isa = PBXGroup;
			children = (
				043B40702C6A7D2900BBCFCE /* DessertIslandUITests.swift */,
				043B40722C6A7D2900BBCFCE /* DessertIslandUITestsLaunchTests.swift */,
			);
			path = DessertIslandUITests;
			sourceTree = "<group>";
		};
/* End PBXGroup section */

/* Begin PBXNativeTarget section */
		043B40512C6A7D2700BBCFCE /* DessertIsland */ = {
			isa = PBXNativeTarget;
			buildConfigurationList = 043B40762C6A7D2900BBCFCE /* Build configuration list for PBXNativeTarget "DessertIsland" */;
			buildPhases = (
				043B404E2C6A7D2700BBCFCE /* Sources */,
				043B404F2C6A7D2700BBCFCE /* Frameworks */,
				043B40502C6A7D2700BBCFCE /* Resources */,
			);
			buildRules = (
			);
			dependencies = (
			);
			name = DessertIsland;
			productName = DessertIsland;
			productReference = 043B40522C6A7D2700BBCFCE /* DessertIsland.app */;
			productType = "com.apple.product-type.application";
		};
		043B40612C6A7D2800BBCFCE /* DessertIslandTests */ = {
			isa = PBXNativeTarget;
			buildConfigurationList = 043B40792C6A7D2900BBCFCE /* Build configuration list for PBXNativeTarget "DessertIslandTests" */;
			buildPhases = (
				043B405E2C6A7D2800BBCFCE /* Sources */,
				043B405F2C6A7D2800BBCFCE /* Frameworks */,
				043B40602C6A7D2800BBCFCE /* Resources */,
			);
			buildRules = (
			);
			dependencies = (
				043B40642C6A7D2800BBCFCE /* PBXTargetDependency */,
			);
			name = DessertIslandTests;
			productName = DessertIslandTests;
			productReference = 043B40622C6A7D2800BBCFCE /* DessertIslandTests.xctest */;
			productType = "com.apple.product-type.bundle.unit-test";
		};
		043B406B2C6A7D2900BBCFCE /* DessertIslandUITests */ = {
			isa = PBXNativeTarget;
			buildConfigurationList = 043B407C2C6A7D2900BBCFCE /* Build configuration list for PBXNativeTarget "DessertIslandUITests" */;
			buildPhases = (
				043B40682C6A7D2900BBCFCE /* Sources */,
				043B40692C6A7D2900BBCFCE /* Frameworks */,
				043B406A2C6A7D2900BBCFCE /* Resources */,
			);
			buildRules = (
			);
			dependencies = (
				043B406E2C6A7D2900BBCFCE /* PBXTargetDependency */,
			);
			name = DessertIslandUITests;
			productName = DessertIslandUITests;
			productReference = 043B406C2C6A7D2900BBCFCE /* DessertIslandUITests.xctest */;
			productType = "com.apple.product-type.bundle.ui-testing";
		};
/* End PBXNativeTarget section */

/* Begin PBXProject section */
		043B404A2C6A7D2700BBCFCE /* Project object */ = {
			isa = PBXProject;
			attributes = {
				BuildIndependentTargetsInParallel = 1;
				LastSwiftUpdateCheck = 1520;
				LastUpgradeCheck = 1520;
				TargetAttributes = {
					043B40512C6A7D2700BBCFCE = {
						CreatedOnToolsVersion = 15.2;
					};
					043B40612C6A7D2800BBCFCE = {
						CreatedOnToolsVersion = 15.2;
						TestTargetID = 043B40512C6A7D2700BBCFCE;
					};
					043B406B2C6A7D2900BBCFCE = {
						CreatedOnToolsVersion = 15.2;
						TestTargetID = 043B40512C6A7D2700BBCFCE;
					};
				};
			};
			buildConfigurationList = 043B404D2C6A7D2700BBCFCE /* Build configuration list for PBXProject "DessertIsland" */;
			compatibilityVersion = "Xcode 14.0";
			developmentRegion = en;
			hasScannedForEncodings = 0;
			knownRegions = (
				en,
				Base,
			);
			mainGroup = 043B40492C6A7D2700BBCFCE;
			productRefGroup = 043B40532C6A7D2700BBCFCE /* Products */;
			projectDirPath = "";
			projectRoot = "";
			targets = (
				043B40512C6A7D2700BBCFCE /* DessertIsland */,
				043B40612C6A7D2800BBCFCE /* DessertIslandTests */,
				043B406B2C6A7D2900BBCFCE /* DessertIslandUITests */,
			);
		};
/* End PBXProject section */

/* Begin PBXResourcesBuildPhase section */
		043B40502C6A7D2700BBCFCE /* Resources */ = {
			isa = PBXResourcesBuildPhase;
			buildActionMask = 2147483647;
			files = (
				043B405D2C6A7D2800BBCFCE /* Preview Assets.xcassets in Resources */,
				043B405A2C6A7D2800BBCFCE /* Assets.xcassets in Resources */,
			);
			runOnlyForDeploymentPostprocessing = 0;
		};
		043B40602C6A7D2800BBCFCE /* Resources */ = {
			isa = PBXResourcesBuildPhase;
			buildActionMask = 2147483647;
			files = (
			);
			runOnlyForDeploymentPostprocessing = 0;
		};
		043B406A2C6A7D2900BBCFCE /* Resources */ = {
			isa = PBXResourcesBuildPhase;
			buildActionMask = 2147483647;
			files = (
			);
			runOnlyForDeploymentPostprocessing = 0;
		};
/* End PBXResourcesBuildPhase section */

/* Begin PBXSourcesBuildPhase section */
		043B404E2C6A7D2700BBCFCE /* Sources */ = {
			isa = PBXSourcesBuildPhase;
			buildActionMask = 2147483647;
			files = (
				043B40582C6A7D2700BBCFCE /* ContentView.swift in Sources */,
				0493197E2C718640003DFD72 /* RowView.swift in Sources */,
				049319822C722D94003DFD72 /* ViewModels.swift in Sources */,
				0493197C2C718573003DFD72 /* NetworkObjects.swift in Sources */,
				043B40562C6A7D2700BBCFCE /* DessertIslandApp.swift in Sources */,
				049319802C718668003DFD72 /* MealDetailView.swift in Sources */,
				0493197A2C718546003DFD72 /* NetworkRequest.swift in Sources */,
				043B40802C6A7D9800BBCFCE /* NetworkCalls.swift in Sources */,
			);
			runOnlyForDeploymentPostprocessing = 0;
		};
		043B405E2C6A7D2800BBCFCE /* Sources */ = {
			isa = PBXSourcesBuildPhase;
			buildActionMask = 2147483647;
			files = (
				043B40672C6A7D2800BBCFCE /* DessertIslandTests.swift in Sources */,
			);
			runOnlyForDeploymentPostprocessing = 0;
		};
		043B40682C6A7D2900BBCFCE /* Sources */ = {
			isa = PBXSourcesBuildPhase;
			buildActionMask = 2147483647;
			files = (
				043B40732C6A7D2900BBCFCE /* DessertIslandUITestsLaunchTests.swift in Sources */,
				043B40712C6A7D2900BBCFCE /* DessertIslandUITests.swift in Sources */,
			);
			runOnlyForDeploymentPostprocessing = 0;
		};
/* End PBXSourcesBuildPhase section */

/* Begin PBXTargetDependency section */
		043B40642C6A7D2800BBCFCE /* PBXTargetDependency */ = {
			isa = PBXTargetDependency;
			target = 043B40512C6A7D2700BBCFCE /* DessertIsland */;
			targetProxy = 043B40632C6A7D2800BBCFCE /* PBXContainerItemProxy */;
		};
		043B406E2C6A7D2900BBCFCE /* PBXTargetDependency */ = {
			isa = PBXTargetDependency;
			target = 043B40512C6A7D2700BBCFCE /* DessertIsland */;
			targetProxy = 043B406D2C6A7D2900BBCFCE /* PBXContainerItemProxy */;
		};
/* End PBXTargetDependency section */

/* Begin XCBuildConfiguration section */
		043B40742C6A7D2900BBCFCE /* Debug */ = {
			isa = XCBuildConfiguration;
			buildSettings = {
				ALWAYS_SEARCH_USER_PATHS = NO;
				ASSETCATALOG_COMPILER_GENERATE_SWIFT_ASSET_SYMBOL_EXTENSIONS = YES;
				CLANG_ANALYZER_NONNULL = YES;
				CLANG_ANALYZER_NUMBER_OBJECT_CONVERSION = YES_AGGRESSIVE;
				CLANG_CXX_LANGUAGE_STANDARD = "gnu++20";
				CLANG_ENABLE_MODULES = YES;
				CLANG_ENABLE_OBJC_ARC = YES;
				CLANG_ENABLE_OBJC_WEAK = YES;
				CLANG_WARN_BLOCK_CAPTURE_AUTORELEASING = YES;
				CLANG_WARN_BOOL_CONVERSION = YES;
				CLANG_WARN_COMMA = YES;
				CLANG_WARN_CONSTANT_CONVERSION = YES;
				CLANG_WARN_DEPRECATED_OBJC_IMPLEMENTATIONS = YES;
				CLANG_WARN_DIRECT_OBJC_ISA_USAGE = YES_ERROR;
				CLANG_WARN_DOCUMENTATION_COMMENTS = YES;
				CLANG_WARN_EMPTY_BODY = YES;
				CLANG_WARN_ENUM_CONVERSION = YES;
				CLANG_WARN_INFINITE_RECURSION = YES;
				CLANG_WARN_INT_CONVERSION = YES;
				CLANG_WARN_NON_LITERAL_NULL_CONVERSION = YES;
				CLANG_WARN_OBJC_IMPLICIT_RETAIN_SELF = YES;
				CLANG_WARN_OBJC_LITERAL_CONVERSION = YES;
				CLANG_WARN_OBJC_ROOT_CLASS = YES_ERROR;
				CLANG_WARN_QUOTED_INCLUDE_IN_FRAMEWORK_HEADER = YES;
				CLANG_WARN_RANGE_LOOP_ANALYSIS = YES;
				CLANG_WARN_STRICT_PROTOTYPES = YES;
				CLANG_WARN_SUSPICIOUS_MOVE = YES;
				CLANG_WARN_UNGUARDED_AVAILABILITY = YES_AGGRESSIVE;
				CLANG_WARN_UNREACHABLE_CODE = YES;
				CLANG_WARN__DUPLICATE_METHOD_MATCH = YES;
				COPY_PHASE_STRIP = NO;
				DEBUG_INFORMATION_FORMAT = dwarf;
				ENABLE_STRICT_OBJC_MSGSEND = YES;
				ENABLE_TESTABILITY = YES;
				ENABLE_USER_SCRIPT_SANDBOXING = YES;
				GCC_C_LANGUAGE_STANDARD = gnu17;
				GCC_DYNAMIC_NO_PIC = NO;
				GCC_NO_COMMON_BLOCKS = YES;
				GCC_OPTIMIZATION_LEVEL = 0;
				GCC_PREPROCESSOR_DEFINITIONS = (
					"DEBUG=1",
					"$(inherited)",
				);
				GCC_WARN_64_TO_32_BIT_CONVERSION = YES;
				GCC_WARN_ABOUT_RETURN_TYPE = YES_ERROR;
				GCC_WARN_UNDECLARED_SELECTOR = YES;
				GCC_WARN_UNINITIALIZED_AUTOS = YES_AGGRESSIVE;
				GCC_WARN_UNUSED_FUNCTION = YES;
				GCC_WARN_UNUSED_VARIABLE = YES;
				IPHONEOS_DEPLOYMENT_TARGET = 17.2;
				LOCALIZATION_PREFERS_STRING_CATALOGS = YES;
				MTL_ENABLE_DEBUG_INFO = INCLUDE_SOURCE;
				MTL_FAST_MATH = YES;
				ONLY_ACTIVE_ARCH = YES;
				SDKROOT = iphoneos;
				SWIFT_ACTIVE_COMPILATION_CONDITIONS = "DEBUG $(inherited)";
				SWIFT_OPTIMIZATION_LEVEL = "-Onone";
			};
			name = Debug;
		};
		043B40752C6A7D2900BBCFCE /* Release */ = {
			isa = XCBuildConfiguration;
			buildSettings = {
				ALWAYS_SEARCH_USER_PATHS = NO;
				ASSETCATALOG_COMPILER_GENERATE_SWIFT_ASSET_SYMBOL_EXTENSIONS = YES;
				CLANG_ANALYZER_NONNULL = YES;
				CLANG_ANALYZER_NUMBER_OBJECT_CONVERSION = YES_AGGRESSIVE;
				CLANG_CXX_LANGUAGE_STANDARD = "gnu++20";
				CLANG_ENABLE_MODULES = YES;
				CLANG_ENABLE_OBJC_ARC = YES;
				CLANG_ENABLE_OBJC_WEAK = YES;
				CLANG_WARN_BLOCK_CAPTURE_AUTORELEASING = YES;
				CLANG_WARN_BOOL_CONVERSION = YES;
				CLANG_WARN_COMMA = YES;
				CLANG_WARN_CONSTANT_CONVERSION = YES;
				CLANG_WARN_DEPRECATED_OBJC_IMPLEMENTATIONS = YES;
				CLANG_WARN_DIRECT_OBJC_ISA_USAGE = YES_ERROR;
				CLANG_WARN_DOCUMENTATION_COMMENTS = YES;
				CLANG_WARN_EMPTY_BODY = YES;
				CLANG_WARN_ENUM_CONVERSION = YES;
				CLANG_WARN_INFINITE_RECURSION = YES;
				CLANG_WARN_INT_CONVERSION = YES;
				CLANG_WARN_NON_LITERAL_NULL_CONVERSION = YES;
				CLANG_WARN_OBJC_IMPLICIT_RETAIN_SELF = YES;
				CLANG_WARN_OBJC_LITERAL_CONVERSION = YES;
				CLANG_WARN_OBJC_ROOT_CLASS = YES_ERROR;
				CLANG_WARN_QUOTED_INCLUDE_IN_FRAMEWORK_HEADER = YES;
				CLANG_WARN_RANGE_LOOP_ANALYSIS = YES;
				CLANG_WARN_STRICT_PROTOTYPES = YES;
				CLANG_WARN_SUSPICIOUS_MOVE = YES;
				CLANG_WARN_UNGUARDED_AVAILABILITY = YES_AGGRESSIVE;
				CLANG_WARN_UNREACHABLE_CODE = YES;
				CLANG_WARN__DUPLICATE_METHOD_MATCH = YES;
				COPY_PHASE_STRIP = NO;
				DEBUG_INFORMATION_FORMAT = "dwarf-with-dsym";
				ENABLE_NS_ASSERTIONS = NO;
				ENABLE_STRICT_OBJC_MSGSEND = YES;
				ENABLE_USER_SCRIPT_SANDBOXING = YES;
				GCC_C_LANGUAGE_STANDARD = gnu17;
				GCC_NO_COMMON_BLOCKS = YES;
				GCC_WARN_64_TO_32_BIT_CONVERSION = YES;
				GCC_WARN_ABOUT_RETURN_TYPE = YES_ERROR;
				GCC_WARN_UNDECLARED_SELECTOR = YES;
				GCC_WARN_UNINITIALIZED_AUTOS = YES_AGGRESSIVE;
				GCC_WARN_UNUSED_FUNCTION = YES;
				GCC_WARN_UNUSED_VARIABLE = YES;
				IPHONEOS_DEPLOYMENT_TARGET = 17.2;
				LOCALIZATION_PREFERS_STRING_CATALOGS = YES;
				MTL_ENABLE_DEBUG_INFO = NO;
				MTL_FAST_MATH = YES;
				SDKROOT = iphoneos;
				SWIFT_COMPILATION_MODE = wholemodule;
				VALIDATE_PRODUCT = YES;
			};
			name = Release;
		};
		043B40772C6A7D2900BBCFCE /* Debug */ = {
			isa = XCBuildConfiguration;
			buildSettings = {
				ASSETCATALOG_COMPILER_APPICON_NAME = AppIcon;
				ASSETCATALOG_COMPILER_GLOBAL_ACCENT_COLOR_NAME = AccentColor;
				CODE_SIGN_STYLE = Automatic;
				CURRENT_PROJECT_VERSION = 1;
				DEVELOPMENT_ASSET_PATHS = "\"DessertIsland/Preview Content\"";
				DEVELOPMENT_TEAM = 9RH4L8S898;
				ENABLE_PREVIEWS = YES;
				GENERATE_INFOPLIST_FILE = YES;
				INFOPLIST_KEY_CFBundleDisplayName = "Dessert Island";
				INFOPLIST_KEY_LSApplicationCategoryType = "public.app-category.food-and-drink";
				INFOPLIST_KEY_UIApplicationSceneManifest_Generation = YES;
				INFOPLIST_KEY_UIApplicationSupportsIndirectInputEvents = YES;
				INFOPLIST_KEY_UILaunchScreen_Generation = YES;
				INFOPLIST_KEY_UISupportedInterfaceOrientations_iPad = "UIInterfaceOrientationPortrait UIInterfaceOrientationPortraitUpsideDown UIInterfaceOrientationLandscapeLeft UIInterfaceOrientationLandscapeRight";
				INFOPLIST_KEY_UISupportedInterfaceOrientations_iPhone = "UIInterfaceOrientationPortrait UIInterfaceOrientationLandscapeLeft UIInterfaceOrientationLandscapeRight";
				LD_RUNPATH_SEARCH_PATHS = (
					"$(inherited)",
					"@executable_path/Frameworks",
				);
				MARKETING_VERSION = 1.0;
				PRODUCT_BUNDLE_IDENTIFIER = nielubowicz.DessertIsland;
				PRODUCT_NAME = "$(TARGET_NAME)";
				SWIFT_EMIT_LOC_STRINGS = YES;
				SWIFT_VERSION = 5.0;
				TARGETED_DEVICE_FAMILY = "1,2";
			};
			name = Debug;
		};
		043B40782C6A7D2900BBCFCE /* Release */ = {
			isa = XCBuildConfiguration;
			buildSettings = {
				ASSETCATALOG_COMPILER_APPICON_NAME = AppIcon;
				ASSETCATALOG_COMPILER_GLOBAL_ACCENT_COLOR_NAME = AccentColor;
				CODE_SIGN_STYLE = Automatic;
				CURRENT_PROJECT_VERSION = 1;
				DEVELOPMENT_ASSET_PATHS = "\"DessertIsland/Preview Content\"";
				DEVELOPMENT_TEAM = 9RH4L8S898;
				ENABLE_PREVIEWS = YES;
				GENERATE_INFOPLIST_FILE = YES;
				INFOPLIST_KEY_CFBundleDisplayName = "Dessert Island";
				INFOPLIST_KEY_LSApplicationCategoryType = "public.app-category.food-and-drink";
				INFOPLIST_KEY_UIApplicationSceneManifest_Generation = YES;
				INFOPLIST_KEY_UIApplicationSupportsIndirectInputEvents = YES;
				INFOPLIST_KEY_UILaunchScreen_Generation = YES;
				INFOPLIST_KEY_UISupportedInterfaceOrientations_iPad = "UIInterfaceOrientationPortrait UIInterfaceOrientationPortraitUpsideDown UIInterfaceOrientationLandscapeLeft UIInterfaceOrientationLandscapeRight";
				INFOPLIST_KEY_UISupportedInterfaceOrientations_iPhone = "UIInterfaceOrientationPortrait UIInterfaceOrientationLandscapeLeft UIInterfaceOrientationLandscapeRight";
				LD_RUNPATH_SEARCH_PATHS = (
					"$(inherited)",
					"@executable_path/Frameworks",
				);
				MARKETING_VERSION = 1.0;
				PRODUCT_BUNDLE_IDENTIFIER = nielubowicz.DessertIsland;
				PRODUCT_NAME = "$(TARGET_NAME)";
				SWIFT_EMIT_LOC_STRINGS = YES;
				SWIFT_VERSION = 5.0;
				TARGETED_DEVICE_FAMILY = "1,2";
			};
			name = Release;
		};
		043B407A2C6A7D2900BBCFCE /* Debug */ = {
			isa = XCBuildConfiguration;
			buildSettings = {
				ALWAYS_EMBED_SWIFT_STANDARD_LIBRARIES = YES;
				BUNDLE_LOADER = "$(TEST_HOST)";
				CODE_SIGN_STYLE = Automatic;
				CURRENT_PROJECT_VERSION = 1;
				DEVELOPMENT_TEAM = 9RH4L8S898;
				GENERATE_INFOPLIST_FILE = YES;
				IPHONEOS_DEPLOYMENT_TARGET = 17.2;
				MARKETING_VERSION = 1.0;
				PRODUCT_BUNDLE_IDENTIFIER = nielubowicz.DessertIslandTests;
				PRODUCT_NAME = "$(TARGET_NAME)";
				SWIFT_EMIT_LOC_STRINGS = NO;
				SWIFT_VERSION = 5.0;
				TARGETED_DEVICE_FAMILY = "1,2";
				TEST_HOST = "$(BUILT_PRODUCTS_DIR)/DessertIsland.app/$(BUNDLE_EXECUTABLE_FOLDER_PATH)/DessertIsland";
			};
			name = Debug;
		};
		043B407B2C6A7D2900BBCFCE /* Release */ = {
			isa = XCBuildConfiguration;
			buildSettings = {
				ALWAYS_EMBED_SWIFT_STANDARD_LIBRARIES = YES;
				BUNDLE_LOADER = "$(TEST_HOST)";
				CODE_SIGN_STYLE = Automatic;
				CURRENT_PROJECT_VERSION = 1;
				DEVELOPMENT_TEAM = 9RH4L8S898;
				GENERATE_INFOPLIST_FILE = YES;
				IPHONEOS_DEPLOYMENT_TARGET = 17.2;
				MARKETING_VERSION = 1.0;
				PRODUCT_BUNDLE_IDENTIFIER = nielubowicz.DessertIslandTests;
				PRODUCT_NAME = "$(TARGET_NAME)";
				SWIFT_EMIT_LOC_STRINGS = NO;
				SWIFT_VERSION = 5.0;
				TARGETED_DEVICE_FAMILY = "1,2";
				TEST_HOST = "$(BUILT_PRODUCTS_DIR)/DessertIsland.app/$(BUNDLE_EXECUTABLE_FOLDER_PATH)/DessertIsland";
			};
			name = Release;
		};
		043B407D2C6A7D2900BBCFCE /* Debug */ = {
			isa = XCBuildConfiguration;
			buildSettings = {
				ALWAYS_EMBED_SWIFT_STANDARD_LIBRARIES = YES;
				CODE_SIGN_STYLE = Automatic;
				CURRENT_PROJECT_VERSION = 1;
				DEVELOPMENT_TEAM = 9RH4L8S898;
				GENERATE_INFOPLIST_FILE = YES;
				MARKETING_VERSION = 1.0;
				PRODUCT_BUNDLE_IDENTIFIER = nielubowicz.DessertIslandUITests;
				PRODUCT_NAME = "$(TARGET_NAME)";
				SWIFT_EMIT_LOC_STRINGS = NO;
				SWIFT_VERSION = 5.0;
				TARGETED_DEVICE_FAMILY = "1,2";
				TEST_TARGET_NAME = DessertIsland;
			};
			name = Debug;
		};
		043B407E2C6A7D2900BBCFCE /* Release */ = {
			isa = XCBuildConfiguration;
			buildSettings = {
				ALWAYS_EMBED_SWIFT_STANDARD_LIBRARIES = YES;
				CODE_SIGN_STYLE = Automatic;
				CURRENT_PROJECT_VERSION = 1;
				DEVELOPMENT_TEAM = 9RH4L8S898;
				GENERATE_INFOPLIST_FILE = YES;
				MARKETING_VERSION = 1.0;
				PRODUCT_BUNDLE_IDENTIFIER = nielubowicz.DessertIslandUITests;
				PRODUCT_NAME = "$(TARGET_NAME)";
				SWIFT_EMIT_LOC_STRINGS = NO;
				SWIFT_VERSION = 5.0;
				TARGETED_DEVICE_FAMILY = "1,2";
				TEST_TARGET_NAME = DessertIsland;
			};
			name = Release;
		};
/* End XCBuildConfiguration section */

/* Begin XCConfigurationList section */
		043B404D2C6A7D2700BBCFCE /* Build configuration list for PBXProject "DessertIsland" */ = {
			isa = XCConfigurationList;
			buildConfigurations = (
				043B40742C6A7D2900BBCFCE /* Debug */,
				043B40752C6A7D2900BBCFCE /* Release */,
			);
			defaultConfigurationIsVisible = 0;
			defaultConfigurationName = Release;
		};
		043B40762C6A7D2900BBCFCE /* Build configuration list for PBXNativeTarget "DessertIsland" */ = {
			isa = XCConfigurationList;
			buildConfigurations = (
				043B40772C6A7D2900BBCFCE /* Debug */,
				043B40782C6A7D2900BBCFCE /* Release */,
			);
			defaultConfigurationIsVisible = 0;
			defaultConfigurationName = Release;
		};
		043B40792C6A7D2900BBCFCE /* Build configuration list for PBXNativeTarget "DessertIslandTests" */ = {
			isa = XCConfigurationList;
			buildConfigurations = (
				043B407A2C6A7D2900BBCFCE /* Debug */,
				043B407B2C6A7D2900BBCFCE /* Release */,
			);
			defaultConfigurationIsVisible = 0;
			defaultConfigurationName = Release;
		};
		043B407C2C6A7D2900BBCFCE /* Build configuration list for PBXNativeTarget "DessertIslandUITests" */ = {
			isa = XCConfigurationList;
			buildConfigurations = (
				043B407D2C6A7D2900BBCFCE /* Debug */,
				043B407E2C6A7D2900BBCFCE /* Release */,
			);
			defaultConfigurationIsVisible = 0;
			defaultConfigurationName = Release;
		};
/* End XCConfigurationList section */
	};
	rootObject = 043B404A2C6A7D2700BBCFCE /* Project object */;
}
